{
  "name": "qr-node-lambda-generator",
  "version": "1.0.0",
  "lockfileVersion": 2,
  "requires": true,
  "packages": {
    "": {
      "name": "qr-node-lambda-generator",
      "version": "1.0.0",
      "dependencies": {
        "@cheprasov/qrcode": "0.1.0"
      }
    },
    "node_modules/@cheprasov/qrcode": {
      "version": "0.1.0",
      "license": "MIT",
      "dependencies": {
        "qr.js": "0.0.0"
      }
    },
    "node_modules/qr.js": {
      "version": "0.0.0",
      "license": "MIT"
    }
  },
  "dependencies": {
    "@cheprasov/qrcode": {
      "version": "0.1.0",
      "requires": {
        "qr.js": "0.0.0"
      }
    },
    "qr.js": {
      "version": "0.0.0"
    }
  }
}
