# THIS IS AN AUTOGENERATED FILE. DO NOT EDIT THIS FILE DIRECTLY.
# yarn lockfile v1


"@cheprasov/qrcode@0.1.0":
  version "0.1.0"
  resolved "https://registry.npmjs.org/@cheprasov/qrcode/-/qrcode-0.1.0.tgz#9f0b302999c44be16d71be691624edbd5d0eff02"
  integrity sha512-26//xIE/Vt+v9WBiSIEhdvbGJkrkVWFu6IAYRgB4zlg2h6wRVnfQLBsrakJJQhSVUhSSIDQ09Imhy0Jw5reVgQ==
  dependencies:
    qr.js "0.0.0"

qr.js@0.0.0:
  version "0.0.0"
  resolved "https://registry.npmjs.org/qr.js/-/qr.js-0.0.0.tgz#cace86386f59a0db8050fa90d9b6b0e88a1e364f"
  integrity sha1-ys6GOG9ZoNuAUPqQ2baw6IoeNk8=
